
Microsoft Visual Studio Solution File, Format Version 12.00
# Visual Studio Version 17
VisualStudioVersion = 17.8.34330.188
MinimumVisualStudioVersion = 10.0.40219.1
Project("{9A19103F-16F7-4668-BE54-9A1E7A4F7556}") = "Contracts", "Contracts\Contracts.csproj", "{E0C4D855-20B1-46F4-AB56-7AD01033E828}"
EndProject
Project("{2150E333-8FDC-42A3-9474-1A3956D46DE8}") = "WebApi", "WebApi", "{39AC334C-416D-41EA-BF2A-7606D907FEBB}"
EndProject
Project("{2150E333-8FDC-42A3-9474-1A3956D46DE8}") = "HostedService", "HostedService", "{0062ED7E-5755-45FC-AC23-76C0AC6A458A}"
EndProject
Project("{2150E333-8FDC-42A3-9474-1A3956D46DE8}") = "Utilities", "Utilities", "{5AA4FF06-1149-4181-9E7C-72FB06BB6D98}"
EndProject
Project("{9A19103F-16F7-4668-BE54-9A1E7A4F7556}") = "KafkaUtilities", "Utilities\KafkaUtilities\KafkaUtilities.csproj", "{31896182-2980-4DBD-AA76-F27CE253F4A3}"
EndProject
Project("{9A19103F-16F7-4668-BE54-9A1E7A4F7556}") = "Common", "Utilities\StaticNames\Common.csproj", "{BAC7091D-29DD-4660-ADDF-5FC90AA7C8BD}"
EndProject
Project("{2150E333-8FDC-42A3-9474-1A3956D46DE8}") = "Docker", "Docker", "{F9C8FF02-949C-48B9-8631-6F91CAACF24F}"
	ProjectSection(SolutionItems) = preProject
		Docker\docker-compose.yml = Docker\docker-compose.yml
	EndProjectSection
EndProject
Project("{9A19103F-16F7-4668-BE54-9A1E7A4F7556}") = "Common.Configuration", "Utilities\Common.Configuration\Common.Configuration.csproj", "{6EC2A739-3846-4605-87CB-662ABD796A92}"
EndProject
Project("{9A19103F-16F7-4668-BE54-9A1E7A4F7556}") = "OrderApi", "WebApi\OrderApi\OrderApi.csproj", "{1D12C740-9858-4CF2-861B-4C6809B379C6}"
EndProject
Project("{9A19103F-16F7-4668-BE54-9A1E7A4F7556}") = "Common.WebApi", "Utilities\Common.WebApi\Common.WebApi.csproj", "{01D9CD0B-FC4D-431A-9512-1C7DF385563C}"
EndProject
Project("{9A19103F-16F7-4668-BE54-9A1E7A4F7556}") = "NotificationService", "HostedService\NotificationService\NotificationService.csproj", "{A3664A9F-C46D-44C6-B73E-CC48A8E7DEF7}"
EndProject
Project("{9A19103F-16F7-4668-BE54-9A1E7A4F7556}") = "LoggingAggregator", "HostedService\LoggingAggregator\LoggingAggregator.csproj", "{4D0EDE7B-0CD8-4B51-A646-086BE80D5890}"
EndProject
Project("{9A19103F-16F7-4668-BE54-9A1E7A4F7556}") = "InventoryApi", "WebApi\InventoryApi\InventoryApi.csproj", "{F0B1A489-D706-490F-A59A-994FB9A716F9}"
EndProject
Project("{2150E333-8FDC-42A3-9474-1A3956D46DE8}") = "SharedConfig", "SharedConfig", "{890CCD34-BECA-4BF7-A7FD-81EBA4DF88B2}"
	ProjectSection(SolutionItems) = preProject
		SharedConfig\appsettings.Development.json = SharedConfig\appsettings.Development.json
		SharedConfig\appsettings.json = SharedConfig\appsettings.json
		SharedConfig\Serilog.json = SharedConfig\Serilog.json
	EndProjectSection
EndProject
Global
	GlobalSection(SolutionConfigurationPlatforms) = preSolution
		Debug|Any CPU = Debug|Any CPU
		Release|Any CPU = Release|Any CPU
	EndGlobalSection
	GlobalSection(ProjectConfigurationPlatforms) = postSolution
		{E0C4D855-20B1-46F4-AB56-7AD01033E828}.Debug|Any CPU.ActiveCfg = Debug|Any CPU
		{E0C4D855-20B1-46F4-AB56-7AD01033E828}.Debug|Any CPU.Build.0 = Debug|Any CPU
		{E0C4D855-20B1-46F4-AB56-7AD01033E828}.Release|Any CPU.ActiveCfg = Release|Any CPU
		{E0C4D855-20B1-46F4-AB56-7AD01033E828}.Release|Any CPU.Build.0 = Release|Any CPU
		{31896182-2980-4DBD-AA76-F27CE253F4A3}.Debug|Any CPU.ActiveCfg = Debug|Any CPU
		{31896182-2980-4DBD-AA76-F27CE253F4A3}.Debug|Any CPU.Build.0 = Debug|Any CPU
		{31896182-2980-4DBD-AA76-F27CE253F4A3}.Release|Any CPU.ActiveCfg = Release|Any CPU
		{31896182-2980-4DBD-AA76-F27CE253F4A3}.Release|Any CPU.Build.0 = Release|Any CPU
		{BAC7091D-29DD-4660-ADDF-5FC90AA7C8BD}.Debug|Any CPU.ActiveCfg = Debug|Any CPU
		{BAC7091D-29DD-4660-ADDF-5FC90AA7C8BD}.Debug|Any CPU.Build.0 = Debug|Any CPU
		{BAC7091D-29DD-4660-ADDF-5FC90AA7C8BD}.Release|Any CPU.ActiveCfg = Release|Any CPU
		{BAC7091D-29DD-4660-ADDF-5FC90AA7C8BD}.Release|Any CPU.Build.0 = Release|Any CPU
		{6EC2A739-3846-4605-87CB-662ABD796A92}.Debug|Any CPU.ActiveCfg = Debug|Any CPU
		{6EC2A739-3846-4605-87CB-662ABD796A92}.Debug|Any CPU.Build.0 = Debug|Any CPU
		{6EC2A739-3846-4605-87CB-662ABD796A92}.Release|Any CPU.ActiveCfg = Release|Any CPU
		{6EC2A739-3846-4605-87CB-662ABD796A92}.Release|Any CPU.Build.0 = Release|Any CPU
		{1D12C740-9858-4CF2-861B-4C6809B379C6}.Debug|Any CPU.ActiveCfg = Debug|Any CPU
		{1D12C740-9858-4CF2-861B-4C6809B379C6}.Debug|Any CPU.Build.0 = Debug|Any CPU
		{1D12C740-9858-4CF2-861B-4C6809B379C6}.Release|Any CPU.ActiveCfg = Release|Any CPU
		{1D12C740-9858-4CF2-861B-4C6809B379C6}.Release|Any CPU.Build.0 = Release|Any CPU
		{01D9CD0B-FC4D-431A-9512-1C7DF385563C}.Debug|Any CPU.ActiveCfg = Debug|Any CPU
		{01D9CD0B-FC4D-431A-9512-1C7DF385563C}.Debug|Any CPU.Build.0 = Debug|Any CPU
		{01D9CD0B-FC4D-431A-9512-1C7DF385563C}.Release|Any CPU.ActiveCfg = Release|Any CPU
		{01D9CD0B-FC4D-431A-9512-1C7DF385563C}.Release|Any CPU.Build.0 = Release|Any CPU
		{A3664A9F-C46D-44C6-B73E-CC48A8E7DEF7}.Debug|Any CPU.ActiveCfg = Debug|Any CPU
		{A3664A9F-C46D-44C6-B73E-CC48A8E7DEF7}.Debug|Any CPU.Build.0 = Debug|Any CPU
		{A3664A9F-C46D-44C6-B73E-CC48A8E7DEF7}.Release|Any CPU.ActiveCfg = Release|Any CPU
		{A3664A9F-C46D-44C6-B73E-CC48A8E7DEF7}.Release|Any CPU.Build.0 = Release|Any CPU
		{4D0EDE7B-0CD8-4B51-A646-086BE80D5890}.Debug|Any CPU.ActiveCfg = Debug|Any CPU
		{4D0EDE7B-0CD8-4B51-A646-086BE80D5890}.Debug|Any CPU.Build.0 = Debug|Any CPU
		{4D0EDE7B-0CD8-4B51-A646-086BE80D5890}.Release|Any CPU.ActiveCfg = Release|Any CPU
		{4D0EDE7B-0CD8-4B51-A646-086BE80D5890}.Release|Any CPU.Build.0 = Release|Any CPU
		{F0B1A489-D706-490F-A59A-994FB9A716F9}.Debug|Any CPU.ActiveCfg = Debug|Any CPU
		{F0B1A489-D706-490F-A59A-994FB9A716F9}.Debug|Any CPU.Build.0 = Debug|Any CPU
		{F0B1A489-D706-490F-A59A-994FB9A716F9}.Release|Any CPU.ActiveCfg = Release|Any CPU
		{F0B1A489-D706-490F-A59A-994FB9A716F9}.Release|Any CPU.Build.0 = Release|Any CPU
	EndGlobalSection
	GlobalSection(SolutionProperties) = preSolution
		HideSolutionNode = FALSE
	EndGlobalSection
	GlobalSection(NestedProjects) = preSolution
		{E0C4D855-20B1-46F4-AB56-7AD01033E828} = {5AA4FF06-1149-4181-9E7C-72FB06BB6D98}
		{31896182-2980-4DBD-AA76-F27CE253F4A3} = {5AA4FF06-1149-4181-9E7C-72FB06BB6D98}
		{BAC7091D-29DD-4660-ADDF-5FC90AA7C8BD} = {5AA4FF06-1149-4181-9E7C-72FB06BB6D98}
		{6EC2A739-3846-4605-87CB-662ABD796A92} = {5AA4FF06-1149-4181-9E7C-72FB06BB6D98}
		{1D12C740-9858-4CF2-861B-4C6809B379C6} = {39AC334C-416D-41EA-BF2A-7606D907FEBB}
		{01D9CD0B-FC4D-431A-9512-1C7DF385563C} = {5AA4FF06-1149-4181-9E7C-72FB06BB6D98}
		{A3664A9F-C46D-44C6-B73E-CC48A8E7DEF7} = {0062ED7E-5755-45FC-AC23-76C0AC6A458A}
		{4D0EDE7B-0CD8-4B51-A646-086BE80D5890} = {0062ED7E-5755-45FC-AC23-76C0AC6A458A}
		{F0B1A489-D706-490F-A59A-994FB9A716F9} = {39AC334C-416D-41EA-BF2A-7606D907FEBB}
	EndGlobalSection
	GlobalSection(ExtensibilityGlobals) = postSolution
		SolutionGuid = {D264D9CF-3F07-4C67-8D8B-DFC5F155B095}
	EndGlobalSection
EndGlobal
